
Microsoft Visual Studio Solution File, Format Version 12.00
# Visual Studio Version 16
VisualStudioVersion = 16.0.30114.105
MinimumVisualStudioVersion = 10.0.40219.1
Project("{FAE04EC0-301F-11D3-BF4B-00C04F79EFBC}") = "Remy.Engine", "Remy.Engine\Remy.Engine.csproj", "{E713BF6D-A33A-4D8D-A07D-14AAE370B0A4}"
EndProject
Project("{FAE04EC0-301F-11D3-BF4B-00C04F79EFBC}") = "Remy.Teste", "Remy.Teste\Remy.Teste.csproj", "{00F5FDF5-538F-4FF5-8114-F793C4428BE5}"
EndProject
Global
	GlobalSection(SolutionConfigurationPlatforms) = preSolution
		Debug|x64 = Debug|x64
		Release|x64 = Release|x64
	EndGlobalSection
	GlobalSection(SolutionProperties) = preSolution
		HideSolutionNode = FALSE
	EndGlobalSection
	GlobalSection(ProjectConfigurationPlatforms) = postSolution
		{E713BF6D-A33A-4D8D-A07D-14AAE370B0A4}.Debug|x64.ActiveCfg = Debug|x64
		{E713BF6D-A33A-4D8D-A07D-14AAE370B0A4}.Debug|x64.Build.0 = Debug|x64
		{E713BF6D-A33A-4D8D-A07D-14AAE370B0A4}.Release|x64.ActiveCfg = Release|x64
		{E713BF6D-A33A-4D8D-A07D-14AAE370B0A4}.Release|x64.Build.0 = Release|x64
		{00F5FDF5-538F-4FF5-8114-F793C4428BE5}.Debug|x64.ActiveCfg = Debug|x64
		{00F5FDF5-538F-4FF5-8114-F793C4428BE5}.Debug|x64.Build.0 = Debug|x64
		{00F5FDF5-538F-4FF5-8114-F793C4428BE5}.Release|x64.ActiveCfg = Release|x64
		{00F5FDF5-538F-4FF5-8114-F793C4428BE5}.Release|x64.Build.0 = Release|x64
	EndGlobalSection
EndGlobal
